
Microsoft Visual Studio Solution File, Format Version 12.00
# Visual Studio Version 17
VisualStudioVersion = 17.12.35521.163 d17.12
MinimumVisualStudioVersion = 10.0.40219.1
Project("{FAE04EC0-301F-11D3-BF4B-00C04F79EFBC}") = "Lec04Ex02CL", "Lec04Ex02CL.csproj", "{BE19AA16-F611-4EBF-89C2-22B74B14AF03}"
EndProject
Global
	GlobalSection(SolutionConfigurationPlatforms) = preSolution
		Debug|Any CPU = Debug|Any CPU
		Release|Any CPU = Release|Any CPU
	EndGlobalSection
	GlobalSection(ProjectConfigurationPlatforms) = postSolution
		{BE19AA16-F611-4EBF-89C2-22B74B14AF03}.Debug|Any CPU.ActiveCfg = Debug|Any CPU
		{BE19AA16-F611-4EBF-89C2-22B74B14AF03}.Debug|Any CPU.Build.0 = Debug|Any CPU
		{BE19AA16-F611-4EBF-89C2-22B74B14AF03}.Release|Any CPU.ActiveCfg = Release|Any CPU
		{BE19AA16-F611-4EBF-89C2-22B74B14AF03}.Release|Any CPU.Build.0 = Release|Any CPU
	EndGlobalSection
	GlobalSection(SolutionProperties) = preSolution
		HideSolutionNode = FALSE
	EndGlobalSection
EndGlobal
